PODS:
  - DLAutoSlidePageViewController (4.0.0)

DEPENDENCIES:
  - DLAutoSlidePageViewController (from `../`)

EXTERNAL SOURCES:
  DLAutoSlidePageViewController:
    :path: "../"

SPEC CHECKSUMS:
  DLAutoSlidePageViewController: a2ec9ed2cf1576658f8429969dbad774ec8c00b1

PODFILE CHECKSUM: 69cb16a61f364e791423bbbb58d21194992077f5

COCOAPODS: 1.11.3
