PODS:
  - DLAutoSlidePageViewController (3.0.0)

DEPENDENCIES:
  - DLAutoSlidePageViewController (from `../`)

EXTERNAL SOURCES:
  DLAutoSlidePageViewController:
    :path: "../"

SPEC CHECKSUMS:
  DLAutoSlidePageViewController: bf5eef5a3f37a0448da8c2cd0f7818af643a1704

PODFILE CHECKSUM: 3191da1128129c5e1073225fabaaa8682e5bec43

COCOAPODS: 1.11.3
