PODS:
  - DLAutoSlidePageViewController (2.0.2)

DEPENDENCIES:
  - DLAutoSlidePageViewController (from `../`)

EXTERNAL SOURCES:
  DLAutoSlidePageViewController:
    :path: "../"

SPEC CHECKSUMS:
  DLAutoSlidePageViewController: b5d61ca8a12717d12f4b3e50c885dea8cfefc1e0

PODFILE CHECKSUM: 3191da1128129c5e1073225fabaaa8682e5bec43

COCOAPODS: 1.11.3
