// !$*UTF8*$!
{
	archiveVersion = 1;
	classes = {
	};
	objectVersion = 56;
	objects = {

/* Begin PBXBuildFile section */
		E2D372C02A023E4B005FC3A1 /* DefaultAutoSlideConfiguration.swift in Sources */ = {isa = PBXBuildFile; fileRef = E2D372802A023CF6005FC3A1 /* DefaultAutoSlideConfiguration.swift */; };
		E2D372C12A023E4B005FC3A1 /* DLAutoSlidePageViewController.swift in Sources */ = {isa = PBXBuildFile; fileRef = E2D372812A023CF6005FC3A1 /* DLAutoSlidePageViewController.swift */; };
		E2D372C22A023E4B005FC3A1 /* AutoSlideHelper.swift in Sources */ = {isa = PBXBuildFile; fileRef = E2D372822A023CF6005FC3A1 /* AutoSlideHelper.swift */; };
		E2D372C32A023E4B005FC3A1 /* AutoSlideConfiguration.swift in Sources */ = {isa = PBXBuildFile; fileRef = E2D372832A023CF6005FC3A1 /* AutoSlideConfiguration.swift */; };
		E2D372CD2A024035005FC3A1 /* AutoSlideHelperTests.swift in Sources */ = {isa = PBXBuildFile; fileRef = E2D372CC2A024035005FC3A1 /* AutoSlideHelperTests.swift */; };
/* End PBXBuildFile section */

/* Begin PBXFileReference section */
		E2D372572A023C3B005FC3A1 /* DLAutoSlidePageViewControllerTests.xctest */ = {isa = PBXFileReference; explicitFileType = wrapper.cfbundle; includeInIndex = 0; path = DLAutoSlidePageViewControllerTests.xctest; sourceTree = BUILT_PRODUCTS_DIR; };
		E2D372802A023CF6005FC3A1 /* DefaultAutoSlideConfiguration.swift */ = {isa = PBXFileReference; fileEncoding = 4; lastKnownFileType = sourcecode.swift; path = DefaultAutoSlideConfiguration.swift; sourceTree = "<group>"; };
		E2D372812A023CF6005FC3A1 /* DLAutoSlidePageViewController.swift */ = {isa = PBXFileReference; fileEncoding = 4; lastKnownFileType = sourcecode.swift; path = DLAutoSlidePageViewController.swift; sourceTree = "<group>"; };
		E2D372822A023CF6005FC3A1 /* AutoSlideHelper.swift */ = {isa = PBXFileReference; fileEncoding = 4; lastKnownFileType = sourcecode.swift; path = AutoSlideHelper.swift; sourceTree = "<group>"; };
		E2D372832A023CF6005FC3A1 /* AutoSlideConfiguration.swift */ = {isa = PBXFileReference; fileEncoding = 4; lastKnownFileType = sourcecode.swift; path = AutoSlideConfiguration.swift; sourceTree = "<group>"; };
		E2D372A92A023E02005FC3A1 /* DLAutoSlidePageViewController.framework */ = {isa = PBXFileReference; explicitFileType = wrapper.framework; includeInIndex = 0; path = DLAutoSlidePageViewController.framework; sourceTree = BUILT_PRODUCTS_DIR; };
		E2D372CC2A024035005FC3A1 /* AutoSlideHelperTests.swift */ = {isa = PBXFileReference; lastKnownFileType = sourcecode.swift; path = AutoSlideHelperTests.swift; sourceTree = "<group>"; };
/* End PBXFileReference section */

/* Begin PBXFrameworksBuildPhase section */
		E2D372542A023C3B005FC3A1 /* Frameworks */ = {
			isa = PBXFrameworksBuildPhase;
			buildActionMask = 2147483647;
			files = (
			);
			runOnlyForDeploymentPostprocessing = 0;
		};
		E2D372A62A023E02005FC3A1 /* Frameworks */ = {
			isa = PBXFrameworksBuildPhase;
			buildActionMask = 2147483647;
			files = (
			);
			runOnlyForDeploymentPostprocessing = 0;
		};
/* End PBXFrameworksBuildPhase section */

/* Begin PBXGroup section */
		E2D372382A023C3A005FC3A1 = {
			isa = PBXGroup;
			children = (
				E2D3727F2A023CF6005FC3A1 /* Sources */,
				E2D372C42A023EF8005FC3A1 /* Tests */,
				E2D372422A023C3A005FC3A1 /* Products */,
			);
			sourceTree = "<group>";
		};
		E2D372422A023C3A005FC3A1 /* Products */ = {
			isa = PBXGroup;
			children = (
				E2D372572A023C3B005FC3A1 /* DLAutoSlidePageViewControllerTests.xctest */,
				E2D372A92A023E02005FC3A1 /* DLAutoSlidePageViewController.framework */,
			);
			name = Products;
			sourceTree = "<group>";
		};
		E2D3727F2A023CF6005FC3A1 /* Sources */ = {
			isa = PBXGroup;
			children = (
				E2D372802A023CF6005FC3A1 /* DefaultAutoSlideConfiguration.swift */,
				E2D372812A023CF6005FC3A1 /* DLAutoSlidePageViewController.swift */,
				E2D372822A023CF6005FC3A1 /* AutoSlideHelper.swift */,
				E2D372832A023CF6005FC3A1 /* AutoSlideConfiguration.swift */,
			);
			path = Sources;
			sourceTree = "<group>";
		};
		E2D372C42A023EF8005FC3A1 /* Tests */ = {
			isa = PBXGroup;
			children = (
				E2D372CC2A024035005FC3A1 /* AutoSlideHelperTests.swift */,
			);
			path = Tests;
			sourceTree = "<group>";
		};
/* End PBXGroup section */

/* Begin PBXNativeTarget section */
		E2D372562A023C3B005FC3A1 /* DLAutoSlidePageViewControllerTests */ = {
			isa = PBXNativeTarget;
			buildConfigurationList = E2D3726E2A023C3B005FC3A1 /* Build configuration list for PBXNativeTarget "DLAutoSlidePageViewControllerTests" */;
			buildPhases = (
				E2D372532A023C3B005FC3A1 /* Sources */,
				E2D372542A023C3B005FC3A1 /* Frameworks */,
				E2D372552A023C3B005FC3A1 /* Resources */,
			);
			buildRules = (
			);
			dependencies = (
			);
			name = DLAutoSlidePageViewControllerTests;
			productName = DLAutoSlidePageViewControllerTests;
			productReference = E2D372572A023C3B005FC3A1 /* DLAutoSlidePageViewControllerTests.xctest */;
			productType = "com.apple.product-type.bundle.unit-test";
		};
		E2D372A82A023E02005FC3A1 /* DLAutoSlidePageViewController */ = {
			isa = PBXNativeTarget;
			buildConfigurationList = E2D372BA2A023E02005FC3A1 /* Build configuration list for PBXNativeTarget "DLAutoSlidePageViewController" */;
			buildPhases = (
				E2D372A52A023E02005FC3A1 /* Sources */,
				E2D372A62A023E02005FC3A1 /* Frameworks */,
				E2D372A72A023E02005FC3A1 /* Resources */,
			);
			buildRules = (
			);
			dependencies = (
			);
			name = DLAutoSlidePageViewController;
			productName = DLAutoSlidePageViewController;
			productReference = E2D372A92A023E02005FC3A1 /* DLAutoSlidePageViewController.framework */;
			productType = "com.apple.product-type.framework";
		};
/* End PBXNativeTarget section */

/* Begin PBXProject section */
		E2D372392A023C3A005FC3A1 /* Project object */ = {
			isa = PBXProject;
			attributes = {
				BuildIndependentTargetsInParallel = 1;
				LastSwiftUpdateCheck = 1430;
				LastUpgradeCheck = 1430;
				TargetAttributes = {
					E2D372562A023C3B005FC3A1 = {
						CreatedOnToolsVersion = 14.3;
					};
					E2D372A82A023E02005FC3A1 = {
						CreatedOnToolsVersion = 14.3;
					};
				};
			};
			buildConfigurationList = E2D3723C2A023C3A005FC3A1 /* Build configuration list for PBXProject "DLAutoSlidePageViewController" */;
			compatibilityVersion = "Xcode 14.0";
			developmentRegion = en;
			hasScannedForEncodings = 0;
			knownRegions = (
				en,
				Base,
			);
			mainGroup = E2D372382A023C3A005FC3A1;
			productRefGroup = E2D372422A023C3A005FC3A1 /* Products */;
			projectDirPath = "";
			projectRoot = "";
			targets = (
				E2D372562A023C3B005FC3A1 /* DLAutoSlidePageViewControllerTests */,
				E2D372A82A023E02005FC3A1 /* DLAutoSlidePageViewController */,
			);
		};
/* End PBXProject section */

/* Begin PBXResourcesBuildPhase section */
		E2D372552A023C3B005FC3A1 /* Resources */ = {
			isa = PBXResourcesBuildPhase;
			buildActionMask = 2147483647;
			files = (
			);
			runOnlyForDeploymentPostprocessing = 0;
		};
		E2D372A72A023E02005FC3A1 /* Resources */ = {
			isa = PBXResourcesBuildPhase;
			buildActionMask = 2147483647;
			files = (
			);
			runOnlyForDeploymentPostprocessing = 0;
		};
/* End PBXResourcesBuildPhase section */

/* Begin PBXSourcesBuildPhase section */
		E2D372532A023C3B005FC3A1 /* Sources */ = {
			isa = PBXSourcesBuildPhase;
			buildActionMask = 2147483647;
			files = (
				E2D372CD2A024035005FC3A1 /* AutoSlideHelperTests.swift in Sources */,
			);
			runOnlyForDeploymentPostprocessing = 0;
		};
		E2D372A52A023E02005FC3A1 /* Sources */ = {
			isa = PBXSourcesBuildPhase;
			buildActionMask = 2147483647;
			files = (
				E2D372C02A023E4B005FC3A1 /* DefaultAutoSlideConfiguration.swift in Sources */,
				E2D372C12A023E4B005FC3A1 /* DLAutoSlidePageViewController.swift in Sources */,
				E2D372C22A023E4B005FC3A1 /* AutoSlideHelper.swift in Sources */,
				E2D372C32A023E4B005FC3A1 /* AutoSlideConfiguration.swift in Sources */,
			);
			runOnlyForDeploymentPostprocessing = 0;
		};
/* End PBXSourcesBuildPhase section */

/* Begin XCBuildConfiguration section */
		E2D372692A023C3B005FC3A1 /* Debug */ = {
			isa = XCBuildConfiguration;
			buildSettings = {
				ALWAYS_SEARCH_USER_PATHS = NO;
				CLANG_ANALYZER_NONNULL = YES;
				CLANG_ANALYZER_NUMBER_OBJECT_CONVERSION = YES_AGGRESSIVE;
				CLANG_CXX_LANGUAGE_STANDARD = "gnu++20";
				CLANG_ENABLE_MODULES = YES;
				CLANG_ENABLE_OBJC_ARC = YES;
				CLANG_ENABLE_OBJC_WEAK = YES;
				CLANG_WARN_BLOCK_CAPTURE_AUTORELEASING = YES;
				CLANG_WARN_BOOL_CONVERSION = YES;
				CLANG_WARN_COMMA = YES;
				CLANG_WARN_CONSTANT_CONVERSION = YES;
				CLANG_WARN_DEPRECATED_OBJC_IMPLEMENTATIONS = YES;
				CLANG_WARN_DIRECT_OBJC_ISA_USAGE = YES_ERROR;
				CLANG_WARN_DOCUMENTATION_COMMENTS = YES;
				CLANG_WARN_EMPTY_BODY = YES;
				CLANG_WARN_ENUM_CONVERSION = YES;
				CLANG_WARN_INFINITE_RECURSION = YES;
				CLANG_WARN_INT_CONVERSION = YES;
				CLANG_WARN_NON_LITERAL_NULL_CONVERSION = YES;
				CLANG_WARN_OBJC_IMPLICIT_RETAIN_SELF = YES;
				CLANG_WARN_OBJC_LITERAL_CONVERSION = YES;
				CLANG_WARN_OBJC_ROOT_CLASS = YES_ERROR;
				CLANG_WARN_QUOTED_INCLUDE_IN_FRAMEWORK_HEADER = YES;
				CLANG_WARN_RANGE_LOOP_ANALYSIS = YES;
				CLANG_WARN_STRICT_PROTOTYPES = YES;
				CLANG_WARN_SUSPICIOUS_MOVE = YES;
				CLANG_WARN_UNGUARDED_AVAILABILITY = YES_AGGRESSIVE;
				CLANG_WARN_UNREACHABLE_CODE = YES;
				CLANG_WARN__DUPLICATE_METHOD_MATCH = YES;
				COPY_PHASE_STRIP = NO;
				DEBUG_INFORMATION_FORMAT = dwarf;
				ENABLE_STRICT_OBJC_MSGSEND = YES;
				ENABLE_TESTABILITY = YES;
				GCC_C_LANGUAGE_STANDARD = gnu11;
				GCC_DYNAMIC_NO_PIC = NO;
				GCC_NO_COMMON_BLOCKS = YES;
				GCC_OPTIMIZATION_LEVEL = 0;
				GCC_PREPROCESSOR_DEFINITIONS = (
					"DEBUG=1",
					"$(inherited)",
				);
				GCC_WARN_64_TO_32_BIT_CONVERSION = YES;
				GCC_WARN_ABOUT_RETURN_TYPE = YES_ERROR;
				GCC_WARN_UNDECLARED_SELECTOR = YES;
				GCC_WARN_UNINITIALIZED_AUTOS = YES_AGGRESSIVE;
				GCC_WARN_UNUSED_FUNCTION = YES;
				GCC_WARN_UNUSED_VARIABLE = YES;
				IPHONEOS_DEPLOYMENT_TARGET = 16.4;
				MTL_ENABLE_DEBUG_INFO = INCLUDE_SOURCE;
				MTL_FAST_MATH = YES;
				ONLY_ACTIVE_ARCH = YES;
				SDKROOT = iphoneos;
				SWIFT_ACTIVE_COMPILATION_CONDITIONS = DEBUG;
				SWIFT_OPTIMIZATION_LEVEL = "-Onone";
			};
			name = Debug;
		};
		E2D3726A2A023C3B005FC3A1 /* Release */ = {
			isa = XCBuildConfiguration;
			buildSettings = {
				ALWAYS_SEARCH_USER_PATHS = NO;
				CLANG_ANALYZER_NONNULL = YES;
				CLANG_ANALYZER_NUMBER_OBJECT_CONVERSION = YES_AGGRESSIVE;
				CLANG_CXX_LANGUAGE_STANDARD = "gnu++20";
				CLANG_ENABLE_MODULES = YES;
				CLANG_ENABLE_OBJC_ARC = YES;
				CLANG_ENABLE_OBJC_WEAK = YES;
				CLANG_WARN_BLOCK_CAPTURE_AUTORELEASING = YES;
				CLANG_WARN_BOOL_CONVERSION = YES;
				CLANG_WARN_COMMA = YES;
				CLANG_WARN_CONSTANT_CONVERSION = YES;
				CLANG_WARN_DEPRECATED_OBJC_IMPLEMENTATIONS = YES;
				CLANG_WARN_DIRECT_OBJC_ISA_USAGE = YES_ERROR;
				CLANG_WARN_DOCUMENTATION_COMMENTS = YES;
				CLANG_WARN_EMPTY_BODY = YES;
				CLANG_WARN_ENUM_CONVERSION = YES;
				CLANG_WARN_INFINITE_RECURSION = YES;
				CLANG_WARN_INT_CONVERSION = YES;
				CLANG_WARN_NON_LITERAL_NULL_CONVERSION = YES;
				CLANG_WARN_OBJC_IMPLICIT_RETAIN_SELF = YES;
				CLANG_WARN_OBJC_LITERAL_CONVERSION = YES;
				CLANG_WARN_OBJC_ROOT_CLASS = YES_ERROR;
				CLANG_WARN_QUOTED_INCLUDE_IN_FRAMEWORK_HEADER = YES;
				CLANG_WARN_RANGE_LOOP_ANALYSIS = YES;
				CLANG_WARN_STRICT_PROTOTYPES = YES;
				CLANG_WARN_SUSPICIOUS_MOVE = YES;
				CLANG_WARN_UNGUARDED_AVAILABILITY = YES_AGGRESSIVE;
				CLANG_WARN_UNREACHABLE_CODE = YES;
				CLANG_WARN__DUPLICATE_METHOD_MATCH = YES;
				COPY_PHASE_STRIP = NO;
				DEBUG_INFORMATION_FORMAT = "dwarf-with-dsym";
				ENABLE_NS_ASSERTIONS = NO;
				ENABLE_STRICT_OBJC_MSGSEND = YES;
				GCC_C_LANGUAGE_STANDARD = gnu11;
				GCC_NO_COMMON_BLOCKS = YES;
				GCC_WARN_64_TO_32_BIT_CONVERSION = YES;
				GCC_WARN_ABOUT_RETURN_TYPE = YES_ERROR;
				GCC_WARN_UNDECLARED_SELECTOR = YES;
				GCC_WARN_UNINITIALIZED_AUTOS = YES_AGGRESSIVE;
				GCC_WARN_UNUSED_FUNCTION = YES;
				GCC_WARN_UNUSED_VARIABLE = YES;
				IPHONEOS_DEPLOYMENT_TARGET = 16.4;
				MTL_ENABLE_DEBUG_INFO = NO;
				MTL_FAST_MATH = YES;
				SDKROOT = iphoneos;
				SWIFT_COMPILATION_MODE = wholemodule;
				SWIFT_OPTIMIZATION_LEVEL = "-O";
				VALIDATE_PRODUCT = YES;
			};
			name = Release;
		};
		E2D3726F2A023C3B005FC3A1 /* Debug */ = {
			isa = XCBuildConfiguration;
			buildSettings = {
				ALWAYS_EMBED_SWIFT_STANDARD_LIBRARIES = YES;
				CODE_SIGN_STYLE = Automatic;
				CURRENT_PROJECT_VERSION = 1;
				DEVELOPMENT_TEAM = E95KU8J3PN;
				GENERATE_INFOPLIST_FILE = YES;
				IPHONEOS_DEPLOYMENT_TARGET = 16.4;
				MARKETING_VERSION = 1.0;
				PRODUCT_BUNDLE_IDENTIFIER = com.Alonso.DLAutoSlidePageViewControllerTests;
				PRODUCT_NAME = "$(TARGET_NAME)";
				SWIFT_EMIT_LOC_STRINGS = NO;
				SWIFT_VERSION = 5.0;
				TARGETED_DEVICE_FAMILY = "1,2";
			};
			name = Debug;
		};
		E2D372702A023C3B005FC3A1 /* Release */ = {
			isa = XCBuildConfiguration;
			buildSettings = {
				ALWAYS_EMBED_SWIFT_STANDARD_LIBRARIES = YES;
				CODE_SIGN_STYLE = Automatic;
				CURRENT_PROJECT_VERSION = 1;
				DEVELOPMENT_TEAM = E95KU8J3PN;
				GENERATE_INFOPLIST_FILE = YES;
				IPHONEOS_DEPLOYMENT_TARGET = 16.4;
				MARKETING_VERSION = 1.0;
				PRODUCT_BUNDLE_IDENTIFIER = com.Alonso.DLAutoSlidePageViewControllerTests;
				PRODUCT_NAME = "$(TARGET_NAME)";
				SWIFT_EMIT_LOC_STRINGS = NO;
				SWIFT_VERSION = 5.0;
				TARGETED_DEVICE_FAMILY = "1,2";
			};
			name = Release;
		};
		E2D372BB2A023E02005FC3A1 /* Debug */ = {
			isa = XCBuildConfiguration;
			buildSettings = {
				CODE_SIGN_STYLE = Automatic;
				CURRENT_PROJECT_VERSION = 1;
				DEFINES_MODULE = YES;
				DEVELOPMENT_TEAM = E95KU8J3PN;
				DYLIB_COMPATIBILITY_VERSION = 1;
				DYLIB_CURRENT_VERSION = 1;
				DYLIB_INSTALL_NAME_BASE = "@rpath";
				ENABLE_MODULE_VERIFIER = YES;
				GENERATE_INFOPLIST_FILE = YES;
				INFOPLIST_KEY_NSHumanReadableCopyright = "";
				INSTALL_PATH = "$(LOCAL_LIBRARY_DIR)/Frameworks";
				LD_RUNPATH_SEARCH_PATHS = (
					"$(inherited)",
					"@executable_path/Frameworks",
					"@loader_path/Frameworks",
				);
				MARKETING_VERSION = 1.0;
				MODULE_VERIFIER_SUPPORTED_LANGUAGES = "objective-c objective-c++";
				MODULE_VERIFIER_SUPPORTED_LANGUAGE_STANDARDS = "gnu11 gnu++20";
				PRODUCT_BUNDLE_IDENTIFIER = com.Alonso.DLAutoSlidePageViewController;
				PRODUCT_NAME = "$(TARGET_NAME:c99extidentifier)";
				SKIP_INSTALL = YES;
				SWIFT_EMIT_LOC_STRINGS = YES;
				SWIFT_VERSION = 5.0;
				TARGETED_DEVICE_FAMILY = "1,2";
				VERSIONING_SYSTEM = "apple-generic";
				VERSION_INFO_PREFIX = "";
			};
			name = Debug;
		};
		E2D372BC2A023E02005FC3A1 /* Release */ = {
			isa = XCBuildConfiguration;
			buildSettings = {
				CODE_SIGN_STYLE = Automatic;
				CURRENT_PROJECT_VERSION = 1;
				DEFINES_MODULE = YES;
				DEVELOPMENT_TEAM = E95KU8J3PN;
				DYLIB_COMPATIBILITY_VERSION = 1;
				DYLIB_CURRENT_VERSION = 1;
				DYLIB_INSTALL_NAME_BASE = "@rpath";
				ENABLE_MODULE_VERIFIER = YES;
				GENERATE_INFOPLIST_FILE = YES;
				INFOPLIST_KEY_NSHumanReadableCopyright = "";
				INSTALL_PATH = "$(LOCAL_LIBRARY_DIR)/Frameworks";
				LD_RUNPATH_SEARCH_PATHS = (
					"$(inherited)",
					"@executable_path/Frameworks",
					"@loader_path/Frameworks",
				);
				MARKETING_VERSION = 1.0;
				MODULE_VERIFIER_SUPPORTED_LANGUAGES = "objective-c objective-c++";
				MODULE_VERIFIER_SUPPORTED_LANGUAGE_STANDARDS = "gnu11 gnu++20";
				PRODUCT_BUNDLE_IDENTIFIER = com.Alonso.DLAutoSlidePageViewController;
				PRODUCT_NAME = "$(TARGET_NAME:c99extidentifier)";
				SKIP_INSTALL = YES;
				SWIFT_EMIT_LOC_STRINGS = YES;
				SWIFT_VERSION = 5.0;
				TARGETED_DEVICE_FAMILY = "1,2";
				VERSIONING_SYSTEM = "apple-generic";
				VERSION_INFO_PREFIX = "";
			};
			name = Release;
		};
/* End XCBuildConfiguration section */

/* Begin XCConfigurationList section */
		E2D3723C2A023C3A005FC3A1 /* Build configuration list for PBXProject "DLAutoSlidePageViewController" */ = {
			isa = XCConfigurationList;
			buildConfigurations = (
				E2D372692A023C3B005FC3A1 /* Debug */,
				E2D3726A2A023C3B005FC3A1 /* Release */,
			);
			defaultConfigurationIsVisible = 0;
			defaultConfigurationName = Release;
		};
		E2D3726E2A023C3B005FC3A1 /* Build configuration list for PBXNativeTarget "DLAutoSlidePageViewControllerTests" */ = {
			isa = XCConfigurationList;
			buildConfigurations = (
				E2D3726F2A023C3B005FC3A1 /* Debug */,
				E2D372702A023C3B005FC3A1 /* Release */,
			);
			defaultConfigurationIsVisible = 0;
			defaultConfigurationName = Release;
		};
		E2D372BA2A023E02005FC3A1 /* Build configuration list for PBXNativeTarget "DLAutoSlidePageViewController" */ = {
			isa = XCConfigurationList;
			buildConfigurations = (
				E2D372BB2A023E02005FC3A1 /* Debug */,
				E2D372BC2A023E02005FC3A1 /* Release */,
			);
			defaultConfigurationIsVisible = 0;
			defaultConfigurationName = Release;
		};
/* End XCConfigurationList section */
	};
	rootObject = E2D372392A023C3A005FC3A1 /* Project object */;
}
